
Microsoft Visual Studio Solution File, Format Version 12.00
# Visual Studio Version 17
VisualStudioVersion = 17.11.35327.3
MinimumVisualStudioVersion = 10.0.40219.1
Project("{9A19103F-16F7-4668-BE54-9A1E7A4F7556}") = "projectM", "projectMa\projectM\projectM\projectM\projectM.csproj", "{FDD6BD5F-0CD8-4A35-B9FD-D6F525DE3883}"
EndProject
Project("{9A19103F-16F7-4668-BE54-9A1E7A4F7556}") = "WinFormLogin", "WinFormLoginT\WinFormLogin\WinFormLogin.csproj", "{E7E0BB86-7AAA-4275-98D3-857E5C5EECCF}"
EndProject
Project("{9A19103F-16F7-4668-BE54-9A1E7A4F7556}") = "WinFormsPortada2", "WinFormsPortada\WinFormsPortada2.csproj", "{DE7A85CF-B929-4A9D-B450-D91D52D45B1F}"
EndProject
Global
	GlobalSection(SolutionConfigurationPlatforms) = preSolution
		Debug|Any CPU = Debug|Any CPU
		Release|Any CPU = Release|Any CPU
	EndGlobalSection
	GlobalSection(ProjectConfigurationPlatforms) = postSolution
		{FDD6BD5F-0CD8-4A35-B9FD-D6F525DE3883}.Debug|Any CPU.ActiveCfg = Debug|Any CPU
		{FDD6BD5F-0CD8-4A35-B9FD-D6F525DE3883}.Debug|Any CPU.Build.0 = Debug|Any CPU
		{FDD6BD5F-0CD8-4A35-B9FD-D6F525DE3883}.Release|Any CPU.ActiveCfg = Release|Any CPU
		{FDD6BD5F-0CD8-4A35-B9FD-D6F525DE3883}.Release|Any CPU.Build.0 = Release|Any CPU
		{E7E0BB86-7AAA-4275-98D3-857E5C5EECCF}.Debug|Any CPU.ActiveCfg = Debug|Any CPU
		{E7E0BB86-7AAA-4275-98D3-857E5C5EECCF}.Debug|Any CPU.Build.0 = Debug|Any CPU
		{E7E0BB86-7AAA-4275-98D3-857E5C5EECCF}.Release|Any CPU.ActiveCfg = Release|Any CPU
		{E7E0BB86-7AAA-4275-98D3-857E5C5EECCF}.Release|Any CPU.Build.0 = Release|Any CPU
		{DE7A85CF-B929-4A9D-B450-D91D52D45B1F}.Debug|Any CPU.ActiveCfg = Debug|Any CPU
		{DE7A85CF-B929-4A9D-B450-D91D52D45B1F}.Debug|Any CPU.Build.0 = Debug|Any CPU
		{DE7A85CF-B929-4A9D-B450-D91D52D45B1F}.Release|Any CPU.ActiveCfg = Release|Any CPU
		{DE7A85CF-B929-4A9D-B450-D91D52D45B1F}.Release|Any CPU.Build.0 = Release|Any CPU
	EndGlobalSection
	GlobalSection(SolutionProperties) = preSolution
		HideSolutionNode = FALSE
	EndGlobalSection
	GlobalSection(ExtensibilityGlobals) = postSolution
		SolutionGuid = {609E0103-211E-4FCC-8C23-6EAF1223D0E0}
	EndGlobalSection
EndGlobal
